
Microsoft Visual Studio Solution File, Format Version 12.00
# Visual Studio Version 17
VisualStudioVersion = 17.14.36616.10
MinimumVisualStudioVersion = 10.0.40219.1
Project("{FAE04EC0-301F-11D3-BF4B-00C04F79EFBC}") = "VShop.ProductApi", "VShop.ProductApi\VShop.ProductApi\VShop.ProductApi.csproj", "{BF3D8B56-6D28-2AA7-27B8-204F16DD6D6B}"
EndProject
Project("{FAE04EC0-301F-11D3-BF4B-00C04F79EFBC}") = "VShop.Web", "VShop.Web\VShop.Web.csproj", "{64E628A6-0132-419A-BE55-05F1D2D31CBD}"
EndProject
Project("{2150E333-8FDC-42A3-9474-1A3956D46DE8}") = "Backend", "Backend", "{02EA681E-C7D8-13C7-8484-4AC65E1B71E8}"
EndProject
Project("{2150E333-8FDC-42A3-9474-1A3956D46DE8}") = "Frontend", "Frontend", "{85AD363E-D0D2-4620-AE97-65A2737791FA}"
EndProject
Project("{FAE04EC0-301F-11D3-BF4B-00C04F79EFBC}") = "VShop.IdentityServer", "VShop.IdentityServer\VShop.IdentityServer.csproj", "{239C45B6-660E-C5AB-5ED6-EC4B1A957C57}"
EndProject
Global
	GlobalSection(SolutionConfigurationPlatforms) = preSolution
		Debug|Any CPU = Debug|Any CPU
		Release|Any CPU = Release|Any CPU
	EndGlobalSection
	GlobalSection(ProjectConfigurationPlatforms) = postSolution
		{BF3D8B56-6D28-2AA7-27B8-204F16DD6D6B}.Debug|Any CPU.ActiveCfg = Debug|Any CPU
		{BF3D8B56-6D28-2AA7-27B8-204F16DD6D6B}.Debug|Any CPU.Build.0 = Debug|Any CPU
		{BF3D8B56-6D28-2AA7-27B8-204F16DD6D6B}.Release|Any CPU.ActiveCfg = Release|Any CPU
		{BF3D8B56-6D28-2AA7-27B8-204F16DD6D6B}.Release|Any CPU.Build.0 = Release|Any CPU
		{64E628A6-0132-419A-BE55-05F1D2D31CBD}.Debug|Any CPU.ActiveCfg = Debug|Any CPU
		{64E628A6-0132-419A-BE55-05F1D2D31CBD}.Debug|Any CPU.Build.0 = Debug|Any CPU
		{64E628A6-0132-419A-BE55-05F1D2D31CBD}.Release|Any CPU.ActiveCfg = Release|Any CPU
		{64E628A6-0132-419A-BE55-05F1D2D31CBD}.Release|Any CPU.Build.0 = Release|Any CPU
		{239C45B6-660E-C5AB-5ED6-EC4B1A957C57}.Debug|Any CPU.ActiveCfg = Debug|Any CPU
		{239C45B6-660E-C5AB-5ED6-EC4B1A957C57}.Debug|Any CPU.Build.0 = Debug|Any CPU
		{239C45B6-660E-C5AB-5ED6-EC4B1A957C57}.Release|Any CPU.ActiveCfg = Release|Any CPU
		{239C45B6-660E-C5AB-5ED6-EC4B1A957C57}.Release|Any CPU.Build.0 = Release|Any CPU
	EndGlobalSection
	GlobalSection(SolutionProperties) = preSolution
		HideSolutionNode = FALSE
	EndGlobalSection
	GlobalSection(NestedProjects) = preSolution
		{BF3D8B56-6D28-2AA7-27B8-204F16DD6D6B} = {02EA681E-C7D8-13C7-8484-4AC65E1B71E8}
		{64E628A6-0132-419A-BE55-05F1D2D31CBD} = {85AD363E-D0D2-4620-AE97-65A2737791FA}
		{239C45B6-660E-C5AB-5ED6-EC4B1A957C57} = {02EA681E-C7D8-13C7-8484-4AC65E1B71E8}
	EndGlobalSection
	GlobalSection(ExtensibilityGlobals) = postSolution
		SolutionGuid = {C2179CB2-0F5F-4165-8FF9-09AA1B2B1898}
	EndGlobalSection
EndGlobal
